
Microsoft Visual Studio Solution File, Format Version 12.00
# Visual Studio Version 17
VisualStudioVersion = 17.6.33829.357
MinimumVisualStudioVersion = 10.0.40219.1
Project("{FAE04EC0-301F-11D3-BF4B-00C04F79EFBC}") = "Reverse IPs", "Reverse IPs\Reverse IPs.csproj", "{2B56D0C8-17FD-4B29-B741-B2C3B5B7C74C}"
EndProject
Global
	GlobalSection(SolutionConfigurationPlatforms) = preSolution
		Debug|Any CPU = Debug|Any CPU
		Release|Any CPU = Release|Any CPU
	EndGlobalSection
	GlobalSection(ProjectConfigurationPlatforms) = postSolution
		{2B56D0C8-17FD-4B29-B741-B2C3B5B7C74C}.Debug|Any CPU.ActiveCfg = Debug|Any CPU
		{2B56D0C8-17FD-4B29-B741-B2C3B5B7C74C}.Debug|Any CPU.Build.0 = Debug|Any CPU
		{2B56D0C8-17FD-4B29-B741-B2C3B5B7C74C}.Release|Any CPU.ActiveCfg = Release|Any CPU
		{2B56D0C8-17FD-4B29-B741-B2C3B5B7C74C}.Release|Any CPU.Build.0 = Release|Any CPU
	EndGlobalSection
	GlobalSection(SolutionProperties) = preSolution
		HideSolutionNode = FALSE
	EndGlobalSection
	GlobalSection(ExtensibilityGlobals) = postSolution
		SolutionGuid = {D41461F7-73B3-465E-98AB-BBC34AED8391}
	EndGlobalSection
EndGlobal
